
Microsoft Visual Studio Solution File, Format Version 11.00
# Visual Studio 2010
Project("{FAE04EC0-301F-11D3-BF4B-00C04F79EFBC}") = "Assembly-CSharp", "Assembly-CSharp.csproj", "{9936D042-EAEF-8C54-F18D-9E6B44F86178}"
EndProject
Project("{FAE04EC0-301F-11D3-BF4B-00C04F79EFBC}") = "Assembly-CSharp-Editor", "Assembly-CSharp-Editor.csproj", "{55677EEE-69C0-AC17-E764-DBE21D8574BB}"
EndProject
Global
	GlobalSection(SolutionConfigurationPlatforms) = preSolution
		Debug|Any CPU = Debug|Any CPU
		Release|Any CPU = Release|Any CPU
	EndGlobalSection
	GlobalSection(ProjectConfigurationPlatforms) = postSolution
		{9936D042-EAEF-8C54-F18D-9E6B44F86178}.Debug|Any CPU.ActiveCfg = Debug|Any CPU
		{9936D042-EAEF-8C54-F18D-9E6B44F86178}.Debug|Any CPU.Build.0 = Debug|Any CPU
		{9936D042-EAEF-8C54-F18D-9E6B44F86178}.Release|Any CPU.ActiveCfg = Release|Any CPU
		{9936D042-EAEF-8C54-F18D-9E6B44F86178}.Release|Any CPU.Build.0 = Release|Any CPU
		{55677EEE-69C0-AC17-E764-DBE21D8574BB}.Debug|Any CPU.ActiveCfg = Debug|Any CPU
		{55677EEE-69C0-AC17-E764-DBE21D8574BB}.Debug|Any CPU.Build.0 = Debug|Any CPU
		{55677EEE-69C0-AC17-E764-DBE21D8574BB}.Release|Any CPU.ActiveCfg = Release|Any CPU
		{55677EEE-69C0-AC17-E764-DBE21D8574BB}.Release|Any CPU.Build.0 = Release|Any CPU
	EndGlobalSection
	GlobalSection(SolutionProperties) = preSolution
		HideSolutionNode = FALSE
	EndGlobalSection
EndGlobal
